// !$*UTF8*$!
{
	archiveVersion = 1;
	classes = {
	};
	objectVersion = 46;
	objects = {

/* Begin PBXBuildFile section */
		B781C0E128674DDF005D4CFA /* SwiftUIView.swift in Sources */ = {isa = PBXBuildFile; fileRef = B781C0E028674DDF005D4CFA /* SwiftUIView.swift */; };
		B781C0E828687275005D4CFA /* Landmark.swift in Sources */ = {isa = PBXBuildFile; fileRef = B781C0E728687275005D4CFA /* Landmark.swift */; };
		B781C0EB28687A0B005D4CFA /* ModelData.swift in Sources */ = {isa = PBXBuildFile; fileRef = B781C0EA28687A0B005D4CFA /* ModelData.swift */; };
		B781C0EF2868A451005D4CFA /* CircleImage.swift in Sources */ = {isa = PBXBuildFile; fileRef = B781C0EE2868A451005D4CFA /* CircleImage.swift */; };
		B781C0F12868A4A0005D4CFA /* MapView.swift in Sources */ = {isa = PBXBuildFile; fileRef = B781C0F02868A4A0005D4CFA /* MapView.swift */; };
		B781C0F32868A624005D4CFA /* landmarkData.json in Resources */ = {isa = PBXBuildFile; fileRef = B781C0F22868A624005D4CFA /* landmarkData.json */; };
		B781C0F52868A71E005D4CFA /* LandmarkRow.swift in Sources */ = {isa = PBXBuildFile; fileRef = B781C0F42868A71E005D4CFA /* LandmarkRow.swift */; };
		B781C0F72868B344005D4CFA /* LandmarkList.swift in Sources */ = {isa = PBXBuildFile; fileRef = B781C0F62868B344005D4CFA /* LandmarkList.swift */; };
		B781C0F92868C34E005D4CFA /* LandmarkDetail.swift in Sources */ = {isa = PBXBuildFile; fileRef = B781C0F82868C34E005D4CFA /* LandmarkDetail.swift */; };
		EDF3829701E15F6623DF84AB /* HelloWorldUITests.swift in Sources */ = {isa = PBXBuildFile; fileRef = EDF38EBBC3D51CC2EA8BCFA1 /* HelloWorldUITests.swift */; };
		EDF3871F739E5724EEFC5503 /* ContentView.swift in Sources */ = {isa = PBXBuildFile; fileRef = EDF38F6A5B0C328CE6AED9DF /* ContentView.swift */; };
		EDF38BDDC19A35A62DB02064 /* HelloWorldUITestsLaunchTests.swift in Sources */ = {isa = PBXBuildFile; fileRef = EDF3870DA8B407E99DE47D26 /* HelloWorldUITestsLaunchTests.swift */; };
		EDF38C1BF13A5020AE1C2039 /* Assets.xcassets in Resources */ = {isa = PBXBuildFile; fileRef = EDF38BFEC9DAE8FE8F068A1A /* Assets.xcassets */; };
		EDF38D20B10D87B5BD34A039 /* HelloWorldTests.swift in Sources */ = {isa = PBXBuildFile; fileRef = EDF38581C86DA816A09294F9 /* HelloWorldTests.swift */; };
		EDF38E285882A0ABC79197D1 /* Preview Assets.xcassets in Resources */ = {isa = PBXBuildFile; fileRef = EDF38E6EDA4C8C7416D197E6 /* Preview Assets.xcassets */; };
		EDF38EE6C76C99BD2F8C606C /* HelloWorldApp.swift in Sources */ = {isa = PBXBuildFile; fileRef = EDF38BC76BB18DDC4B6F21F0 /* HelloWorldApp.swift */; };
/* End PBXBuildFile section */

/* Begin PBXContainerItemProxy section */
		EDF38A352857861F63F88A1A /* PBXContainerItemProxy */ = {
			isa = PBXContainerItemProxy;
			containerPortal = EDF382BA1CBADD7166343F81 /* Project object */;
			proxyType = 1;
			remoteGlobalIDString = EDF3823F7706CDF4D87324C4;
			remoteInfo = HelloWorld;
		};
		EDF38D7F5ADBB27042ED3FEF /* PBXContainerItemProxy */ = {
			isa = PBXContainerItemProxy;
			containerPortal = EDF382BA1CBADD7166343F81 /* Project object */;
			proxyType = 1;
			remoteGlobalIDString = EDF3823F7706CDF4D87324C4;
			remoteInfo = HelloWorld;
		};
/* End PBXContainerItemProxy section */

/* Begin PBXFileReference section */
		B781C0E028674DDF005D4CFA /* SwiftUIView.swift */ = {isa = PBXFileReference; lastKnownFileType = sourcecode.swift; path = SwiftUIView.swift; sourceTree = "<group>"; };
		B781C0E228676829005D4CFA /* landmarkData.json */ = {isa = PBXFileReference; fileEncoding = 4; lastKnownFileType = text.json; path = landmarkData.json; sourceTree = "<group>"; };
		B781C0E728687275005D4CFA /* Landmark.swift */ = {isa = PBXFileReference; lastKnownFileType = sourcecode.swift; path = Landmark.swift; sourceTree = "<group>"; };
		B781C0EA28687A0B005D4CFA /* ModelData.swift */ = {isa = PBXFileReference; lastKnownFileType = sourcecode.swift; path = ModelData.swift; sourceTree = "<group>"; };
		B781C0EE2868A451005D4CFA /* CircleImage.swift */ = {isa = PBXFileReference; lastKnownFileType = sourcecode.swift; path = CircleImage.swift; sourceTree = "<group>"; };
		B781C0F02868A4A0005D4CFA /* MapView.swift */ = {isa = PBXFileReference; lastKnownFileType = sourcecode.swift; path = MapView.swift; sourceTree = "<group>"; };
		B781C0F22868A624005D4CFA /* landmarkData.json */ = {isa = PBXFileReference; fileEncoding = 4; lastKnownFileType = text.json; path = landmarkData.json; sourceTree = "<group>"; };
		B781C0F42868A71E005D4CFA /* LandmarkRow.swift */ = {isa = PBXFileReference; lastKnownFileType = sourcecode.swift; path = LandmarkRow.swift; sourceTree = "<group>"; };
		B781C0F62868B344005D4CFA /* LandmarkList.swift */ = {isa = PBXFileReference; lastKnownFileType = sourcecode.swift; path = LandmarkList.swift; sourceTree = "<group>"; };
		B781C0F82868C34E005D4CFA /* LandmarkDetail.swift */ = {isa = PBXFileReference; lastKnownFileType = sourcecode.swift; path = LandmarkDetail.swift; sourceTree = "<group>"; };
		EDF383BDCD8A655E049CC497 /* HelloWorldUITests.xctest */ = {isa = PBXFileReference; explicitFileType = wrapper.cfbundle; includeInIndex = 0; path = HelloWorldUITests.xctest; sourceTree = BUILT_PRODUCTS_DIR; };
		EDF38581C86DA816A09294F9 /* HelloWorldTests.swift */ = {isa = PBXFileReference; lastKnownFileType = sourcecode.swift; path = HelloWorldTests.swift; sourceTree = "<group>"; };
		EDF385F624882E53069EF506 /* HelloWorldTests.xctest */ = {isa = PBXFileReference; explicitFileType = wrapper.cfbundle; includeInIndex = 0; path = HelloWorldTests.xctest; sourceTree = BUILT_PRODUCTS_DIR; };
		EDF3870DA8B407E99DE47D26 /* HelloWorldUITestsLaunchTests.swift */ = {isa = PBXFileReference; lastKnownFileType = sourcecode.swift; path = HelloWorldUITestsLaunchTests.swift; sourceTree = "<group>"; };
		EDF38BC76BB18DDC4B6F21F0 /* HelloWorldApp.swift */ = {isa = PBXFileReference; lastKnownFileType = sourcecode.swift; path = HelloWorldApp.swift; sourceTree = "<group>"; };
		EDF38BFEC9DAE8FE8F068A1A /* Assets.xcassets */ = {isa = PBXFileReference; lastKnownFileType = folder.assetcatalog; path = Assets.xcassets; sourceTree = "<group>"; };
		EDF38E6EDA4C8C7416D197E6 /* Preview Assets.xcassets */ = {isa = PBXFileReference; lastKnownFileType = folder.assetcatalog; path = "Preview Assets.xcassets"; sourceTree = "<group>"; };
		EDF38EBBC3D51CC2EA8BCFA1 /* HelloWorldUITests.swift */ = {isa = PBXFileReference; lastKnownFileType = sourcecode.swift; path = HelloWorldUITests.swift; sourceTree = "<group>"; };
		EDF38F6A5B0C328CE6AED9DF /* ContentView.swift */ = {isa = PBXFileReference; lastKnownFileType = sourcecode.swift; path = ContentView.swift; sourceTree = "<group>"; };
		EDF38FA4F443961CF4B7674A /* HelloWorld.app */ = {isa = PBXFileReference; explicitFileType = wrapper.application; includeInIndex = 0; path = HelloWorld.app; sourceTree = BUILT_PRODUCTS_DIR; };
/* End PBXFileReference section */

/* Begin PBXFrameworksBuildPhase section */
		EDF3803AF8CE45CE83BAC742 /* Frameworks */ = {
			isa = PBXFrameworksBuildPhase;
			buildActionMask = 2147483647;
			files = (
			);
			runOnlyForDeploymentPostprocessing = 0;
		};
		EDF3849D0E2633FABFDF085E /* Frameworks */ = {
			isa = PBXFrameworksBuildPhase;
			buildActionMask = 2147483647;
			files = (
			);
			runOnlyForDeploymentPostprocessing = 0;
		};
		EDF384EE311C4728B6D32268 /* Frameworks */ = {
			isa = PBXFrameworksBuildPhase;
			buildActionMask = 2147483647;
			files = (
			);
			runOnlyForDeploymentPostprocessing = 0;
		};
/* End PBXFrameworksBuildPhase section */

/* Begin PBXGroup section */
		B781C0E428687237005D4CFA /* Resources */ = {
			isa = PBXGroup;
			children = (
				B781C0F22868A624005D4CFA /* landmarkData.json */,
			);
			path = Resources;
			sourceTree = "<group>";
		};
		B781C0E92868727C005D4CFA /* Models */ = {
			isa = PBXGroup;
			children = (
				B781C0E728687275005D4CFA /* Landmark.swift */,
				B781C0EA28687A0B005D4CFA /* ModelData.swift */,
			);
			path = Models;
			sourceTree = "<group>";
		};
		B781C0ED28687A99005D4CFA /* Views */ = {
			isa = PBXGroup;
			children = (
				EDF38F6A5B0C328CE6AED9DF /* ContentView.swift */,
				B781C0E028674DDF005D4CFA /* SwiftUIView.swift */,
				B781C0EE2868A451005D4CFA /* CircleImage.swift */,
				B781C0F02868A4A0005D4CFA /* MapView.swift */,
				B781C0F42868A71E005D4CFA /* LandmarkRow.swift */,
				B781C0F62868B344005D4CFA /* LandmarkList.swift */,
				B781C0F82868C34E005D4CFA /* LandmarkDetail.swift */,
			);
			path = Views;
			sourceTree = "<group>";
		};
		EDF381AA742953E96F8B559F = {
			isa = PBXGroup;
			children = (
				EDF383BEA57682AC19080B78 /* Products */,
				EDF38B5B6180C4C5CB1C874C /* HelloWorld */,
				EDF386B8E5F8C859CE32187F /* HelloWorldTests */,
				EDF3855FBF2033FF069817AE /* HelloWorldUITests */,
			);
			sourceTree = "<group>";
		};
		EDF383BEA57682AC19080B78 /* Products */ = {
			isa = PBXGroup;
			children = (
				EDF38FA4F443961CF4B7674A /* HelloWorld.app */,
				EDF385F624882E53069EF506 /* HelloWorldTests.xctest */,
				EDF383BDCD8A655E049CC497 /* HelloWorldUITests.xctest */,
			);
			name = Products;
			sourceTree = "<group>";
		};
		EDF3855FBF2033FF069817AE /* HelloWorldUITests */ = {
			isa = PBXGroup;
			children = (
				B781C0E228676829005D4CFA /* landmarkData.json */,
				EDF38EBBC3D51CC2EA8BCFA1 /* HelloWorldUITests.swift */,
				EDF3870DA8B407E99DE47D26 /* HelloWorldUITestsLaunchTests.swift */,
			);
			path = HelloWorldUITests;
			sourceTree = "<group>";
		};
		EDF386B8E5F8C859CE32187F /* HelloWorldTests */ = {
			isa = PBXGroup;
			children = (
				EDF38581C86DA816A09294F9 /* HelloWorldTests.swift */,
			);
			path = HelloWorldTests;
			sourceTree = "<group>";
		};
		EDF389457B46ED8F0793C65B /* Preview Content */ = {
			isa = PBXGroup;
			children = (
				EDF38E6EDA4C8C7416D197E6 /* Preview Assets.xcassets */,
			);
			path = "Preview Content";
			sourceTree = "<group>";
		};
		EDF38B5B6180C4C5CB1C874C /* HelloWorld */ = {
			isa = PBXGroup;
			children = (
				B781C0ED28687A99005D4CFA /* Views */,
				B781C0E92868727C005D4CFA /* Models */,
				B781C0E428687237005D4CFA /* Resources */,
				EDF38BFEC9DAE8FE8F068A1A /* Assets.xcassets */,
				EDF389457B46ED8F0793C65B /* Preview Content */,
				EDF38BC76BB18DDC4B6F21F0 /* HelloWorldApp.swift */,
			);
			path = HelloWorld;
			sourceTree = "<group>";
		};
/* End PBXGroup section */

/* Begin PBXNativeTarget section */
		EDF3823F7706CDF4D87324C4 /* HelloWorld */ = {
			isa = PBXNativeTarget;
			buildConfigurationList = EDF388A836A8E7121B99F4A7 /* Build configuration list for PBXNativeTarget "HelloWorld" */;
			buildPhases = (
				EDF38B8250B5BAA55E891CA2 /* Sources */,
				EDF3849D0E2633FABFDF085E /* Frameworks */,
				EDF3878AD7E60E9001551714 /* Resources */,
			);
			buildRules = (
			);
			dependencies = (
			);
			name = HelloWorld;
			productName = HelloWorld;
			productReference = EDF38FA4F443961CF4B7674A /* HelloWorld.app */;
			productType = "com.apple.product-type.application";
		};
		EDF389408342A26AC24A7693 /* HelloWorldTests */ = {
			isa = PBXNativeTarget;
			buildConfigurationList = EDF380FB1F859ED72D48B9BB /* Build configuration list for PBXNativeTarget "HelloWorldTests" */;
			buildPhases = (
				EDF38B1FB3409CBC32ECEFD3 /* Sources */,
				EDF3803AF8CE45CE83BAC742 /* Frameworks */,
				EDF38C8DAD4D57E68C2EAD49 /* Resources */,
			);
			buildRules = (
			);
			dependencies = (
				EDF3864202D6B7D695EFADE5 /* PBXTargetDependency */,
			);
			name = HelloWorldTests;
			productName = HelloWorldTests;
			productReference = EDF385F624882E53069EF506 /* HelloWorldTests.xctest */;
			productType = "com.apple.product-type.bundle.unit-test";
		};
		EDF389D7E73E107CF7B3DA33 /* HelloWorldUITests */ = {
			isa = PBXNativeTarget;
			buildConfigurationList = EDF388E80922D64680F853F7 /* Build configuration list for PBXNativeTarget "HelloWorldUITests" */;
			buildPhases = (
				EDF38F4A469BFDAA331E68A5 /* Sources */,
				EDF384EE311C4728B6D32268 /* Frameworks */,
				EDF3867CED87BFE9D3F6FF79 /* Resources */,
			);
			buildRules = (
			);
			dependencies = (
				EDF38311347441DC31DD959F /* PBXTargetDependency */,
			);
			name = HelloWorldUITests;
			productName = HelloWorldUITests;
			productReference = EDF383BDCD8A655E049CC497 /* HelloWorldUITests.xctest */;
			productType = "com.apple.product-type.bundle.ui-testing";
		};
/* End PBXNativeTarget section */

/* Begin PBXProject section */
		EDF382BA1CBADD7166343F81 /* Project object */ = {
			isa = PBXProject;
			attributes = {
			};
			buildConfigurationList = EDF388DA120CC5CAFF71A606 /* Build configuration list for PBXProject "HelloWorld" */;
			compatibilityVersion = "Xcode 3.2";
			developmentRegion = English;
			hasScannedForEncodings = 0;
			knownRegions = (
				English,
				en,
			);
			mainGroup = EDF381AA742953E96F8B559F;
			productRefGroup = EDF383BEA57682AC19080B78 /* Products */;
			projectDirPath = "";
			projectRoot = "";
			targets = (
				EDF3823F7706CDF4D87324C4 /* HelloWorld */,
				EDF389408342A26AC24A7693 /* HelloWorldTests */,
				EDF389D7E73E107CF7B3DA33 /* HelloWorldUITests */,
			);
		};
/* End PBXProject section */

/* Begin PBXResourcesBuildPhase section */
		EDF3867CED87BFE9D3F6FF79 /* Resources */ = {
			isa = PBXResourcesBuildPhase;
			buildActionMask = 2147483647;
			files = (
			);
			runOnlyForDeploymentPostprocessing = 0;
		};
		EDF3878AD7E60E9001551714 /* Resources */ = {
			isa = PBXResourcesBuildPhase;
			buildActionMask = 2147483647;
			files = (
				EDF38C1BF13A5020AE1C2039 /* Assets.xcassets in Resources */,
				B781C0F32868A624005D4CFA /* landmarkData.json in Resources */,
				EDF38E285882A0ABC79197D1 /* Preview Assets.xcassets in Resources */,
			);
			runOnlyForDeploymentPostprocessing = 0;
		};
		EDF38C8DAD4D57E68C2EAD49 /* Resources */ = {
			isa = PBXResourcesBuildPhase;
			buildActionMask = 2147483647;
			files = (
			);
			runOnlyForDeploymentPostprocessing = 0;
		};
/* End PBXResourcesBuildPhase section */

/* Begin PBXSourcesBuildPhase section */
		EDF38B1FB3409CBC32ECEFD3 /* Sources */ = {
			isa = PBXSourcesBuildPhase;
			buildActionMask = 2147483647;
			files = (
				EDF38D20B10D87B5BD34A039 /* HelloWorldTests.swift in Sources */,
			);
			runOnlyForDeploymentPostprocessing = 0;
		};
		EDF38B8250B5BAA55E891CA2 /* Sources */ = {
			isa = PBXSourcesBuildPhase;
			buildActionMask = 2147483647;
			files = (
				B781C0F12868A4A0005D4CFA /* MapView.swift in Sources */,
				EDF38EE6C76C99BD2F8C606C /* HelloWorldApp.swift in Sources */,
				EDF3871F739E5724EEFC5503 /* ContentView.swift in Sources */,
				B781C0EB28687A0B005D4CFA /* ModelData.swift in Sources */,
				B781C0F72868B344005D4CFA /* LandmarkList.swift in Sources */,
				B781C0E128674DDF005D4CFA /* SwiftUIView.swift in Sources */,
				B781C0F92868C34E005D4CFA /* LandmarkDetail.swift in Sources */,
				B781C0E828687275005D4CFA /* Landmark.swift in Sources */,
				B781C0F52868A71E005D4CFA /* LandmarkRow.swift in Sources */,
				B781C0EF2868A451005D4CFA /* CircleImage.swift in Sources */,
			);
			runOnlyForDeploymentPostprocessing = 0;
		};
		EDF38F4A469BFDAA331E68A5 /* Sources */ = {
			isa = PBXSourcesBuildPhase;
			buildActionMask = 2147483647;
			files = (
				EDF3829701E15F6623DF84AB /* HelloWorldUITests.swift in Sources */,
				EDF38BDDC19A35A62DB02064 /* HelloWorldUITestsLaunchTests.swift in Sources */,
			);
			runOnlyForDeploymentPostprocessing = 0;
		};
/* End PBXSourcesBuildPhase section */

/* Begin PBXTargetDependency section */
		EDF38311347441DC31DD959F /* PBXTargetDependency */ = {
			isa = PBXTargetDependency;
			target = EDF3823F7706CDF4D87324C4 /* HelloWorld */;
			targetProxy = EDF38D7F5ADBB27042ED3FEF /* PBXContainerItemProxy */;
		};
		EDF3864202D6B7D695EFADE5 /* PBXTargetDependency */ = {
			isa = PBXTargetDependency;
			target = EDF3823F7706CDF4D87324C4 /* HelloWorld */;
			targetProxy = EDF38A352857861F63F88A1A /* PBXContainerItemProxy */;
		};
/* End PBXTargetDependency section */

/* Begin XCBuildConfiguration section */
		EDF382F0A77184A060BC1730 /* Release */ = {
			isa = XCBuildConfiguration;
			buildSettings = {
				ASSETCATALOG_COMPILER_APPICON_NAME = AppIcon;
				ASSETCATALOG_COMPILER_GLOBAL_ACCENT_COLOR_NAME = AccentColor;
				CURRENT_PROJECT_VERSION = 1;
				DEVELOPMENT_ASSET_PATHS = "\"HelloWorld/Preview Content\"";
				ENABLE_PREVIEWS = YES;
				GENERATE_INFOPLIST_FILE = YES;
				INFOPLIST_KEY_UIApplicationSceneManifest_Generation = YES;
				INFOPLIST_KEY_UIApplicationSupportsIndirectInputEvents = YES;
				INFOPLIST_KEY_UILaunchScreen_Generation = YES;
				INFOPLIST_KEY_UISupportedInterfaceOrientations_iPad = "UIInterfaceOrientationPortrait UIInterfaceOrientationPortraitUpsideDown UIInterfaceOrientationLandscapeLeft UIInterfaceOrientationLandscapeRight";
				INFOPLIST_KEY_UISupportedInterfaceOrientations_iPhone = "UIInterfaceOrientationPortrait UIInterfaceOrientationLandscapeLeft UIInterfaceOrientationLandscapeRight";
				LD_RUNPATH_SEARCH_PATHS = "$(inherited) @executable_path/Frameworks";
				MARKETING_VERSION = 1.0;
				PRODUCT_BUNDLE_IDENTIFIER = com.radzik.HelloWorld;
				PRODUCT_NAME = "$(TARGET_NAME)";
				SWIFT_EMIT_LOC_STRINGS = YES;
				SWIFT_VERSION = 5.0;
				TARGETED_DEVICE_FAMILY = "1,2";
			};
			name = Release;
		};
		EDF385C6F063B22D35E70AED /* Debug */ = {
			isa = XCBuildConfiguration;
			buildSettings = {
				CURRENT_PROJECT_VERSION = 1;
				GENERATE_INFOPLIST_FILE = YES;
				MARKETING_VERSION = 1.0;
				PRODUCT_BUNDLE_IDENTIFIER = com.radzik.HelloWorldUITests;
				PRODUCT_NAME = "$(TARGET_NAME)";
				SWIFT_EMIT_LOC_STRINGS = NO;
				SWIFT_VERSION = 5.0;
				TARGETED_DEVICE_FAMILY = "1,2";
				TEST_TARGET_NAME = HelloWorld;
			};
			name = Debug;
		};
		EDF3862FE7F2A52F34842327 /* Release */ = {
			isa = XCBuildConfiguration;
			buildSettings = {
				ALWAYS_SEARCH_USER_PATHS = NO;
				CLANG_ANALYZER_NONNULL = YES;
				CLANG_ANALYZER_NUMBER_OBJECT_CONVERSION = YES_AGGRESSIVE;
				CLANG_CXX_LANGUAGE_STANDARD = "gnu++17";
				CLANG_CXX_LIBRARY = "libc++";
				CLANG_ENABLE_MODULES = YES;
				CLANG_ENABLE_OBJC_ARC = YES;
				CLANG_ENABLE_OBJC_WEAK = YES;
				CLANG_WARN_BLOCK_CAPTURE_AUTORELEASING = YES;
				CLANG_WARN_BOOL_CONVERSION = YES;
				CLANG_WARN_COMMA = YES;
				CLANG_WARN_CONSTANT_CONVERSION = YES;
				CLANG_WARN_DEPRECATED_OBJC_IMPLEMENTATIONS = YES;
				CLANG_WARN_DIRECT_OBJC_ISA_USAGE = YES_ERROR;
				CLANG_WARN_DOCUMENTATION_COMMENTS = YES;
				CLANG_WARN_EMPTY_BODY = YES;
				CLANG_WARN_ENUM_CONVERSION = YES;
				CLANG_WARN_INFINITE_RECURSION = YES;
				CLANG_WARN_INT_CONVERSION = YES;
				CLANG_WARN_NON_LITERAL_NULL_CONVERSION = YES;
				CLANG_WARN_OBJC_IMPLICIT_RETAIN_SELF = YES;
				CLANG_WARN_OBJC_LITERAL_CONVERSION = YES;
				CLANG_WARN_OBJC_ROOT_CLASS = YES_ERROR;
				CLANG_WARN_QUOTED_INCLUDE_IN_FRAMEWORK_HEADER = YES;
				CLANG_WARN_RANGE_LOOP_ANALYSIS = YES;
				CLANG_WARN_STRICT_PROTOTYPES = YES;
				CLANG_WARN_SUSPICIOUS_MOVE = YES;
				CLANG_WARN_UNGUARDED_AVAILABILITY = YES_AGGRESSIVE;
				CLANG_WARN_UNREACHABLE_CODE = YES;
				CLANG_WARN__DUPLICATE_METHOD_MATCH = YES;
				COPY_PHASE_STRIP = NO;
				DEBUG_INFORMATION_FORMAT = "dwarf-with-dsym";
				ENABLE_NS_ASSERTIONS = NO;
				ENABLE_STRICT_OBJC_MSGSEND = YES;
				GCC_C_LANGUAGE_STANDARD = gnu11;
				GCC_NO_COMMON_BLOCKS = YES;
				GCC_WARN_64_TO_32_BIT_CONVERSION = YES;
				GCC_WARN_ABOUT_RETURN_TYPE = YES_ERROR;
				GCC_WARN_UNDECLARED_SELECTOR = YES;
				GCC_WARN_UNINITIALIZED_AUTOS = YES_AGGRESSIVE;
				GCC_WARN_UNUSED_FUNCTION = YES;
				GCC_WARN_UNUSED_VARIABLE = YES;
				IPHONEOS_DEPLOYMENT_TARGET = 15.2;
				MTL_ENABLE_DEBUG_INFO = NO;
				MTL_FAST_MATH = YES;
				SDKROOT = iphoneos;
				SWIFT_OPTIMIZATION_LEVEL = "-Owholemodule";
				VALIDATE_PRODUCT = YES;
			};
			name = Release;
		};
		EDF38ADA05B8E884FAB26FC7 /* Release */ = {
			isa = XCBuildConfiguration;
			buildSettings = {
				CURRENT_PROJECT_VERSION = 1;
				GENERATE_INFOPLIST_FILE = YES;
				MARKETING_VERSION = 1.0;
				PRODUCT_BUNDLE_IDENTIFIER = com.radzik.HelloWorldUITests;
				PRODUCT_NAME = "$(TARGET_NAME)";
				SWIFT_EMIT_LOC_STRINGS = NO;
				SWIFT_VERSION = 5.0;
				TARGETED_DEVICE_FAMILY = "1,2";
				TEST_TARGET_NAME = HelloWorld;
			};
			name = Release;
		};
		EDF38C401C4FA30A13B826F6 /* Debug */ = {
			isa = XCBuildConfiguration;
			buildSettings = {
				ALWAYS_SEARCH_USER_PATHS = NO;
				CLANG_ANALYZER_NONNULL = YES;
				CLANG_ANALYZER_NUMBER_OBJECT_CONVERSION = YES_AGGRESSIVE;
				CLANG_CXX_LANGUAGE_STANDARD = "gnu++17";
				CLANG_CXX_LIBRARY = "libc++";
				CLANG_ENABLE_MODULES = YES;
				CLANG_ENABLE_OBJC_ARC = YES;
				CLANG_ENABLE_OBJC_WEAK = YES;
				CLANG_WARN_BLOCK_CAPTURE_AUTORELEASING = YES;
				CLANG_WARN_BOOL_CONVERSION = YES;
				CLANG_WARN_COMMA = YES;
				CLANG_WARN_CONSTANT_CONVERSION = YES;
				CLANG_WARN_DEPRECATED_OBJC_IMPLEMENTATIONS = YES;
				CLANG_WARN_DIRECT_OBJC_ISA_USAGE = YES_ERROR;
				CLANG_WARN_DOCUMENTATION_COMMENTS = YES;
				CLANG_WARN_EMPTY_BODY = YES;
				CLANG_WARN_ENUM_CONVERSION = YES;
				CLANG_WARN_INFINITE_RECURSION = YES;
				CLANG_WARN_INT_CONVERSION = YES;
				CLANG_WARN_NON_LITERAL_NULL_CONVERSION = YES;
				CLANG_WARN_OBJC_IMPLICIT_RETAIN_SELF = YES;
				CLANG_WARN_OBJC_LITERAL_CONVERSION = YES;
				CLANG_WARN_OBJC_ROOT_CLASS = YES_ERROR;
				CLANG_WARN_QUOTED_INCLUDE_IN_FRAMEWORK_HEADER = YES;
				CLANG_WARN_RANGE_LOOP_ANALYSIS = YES;
				CLANG_WARN_STRICT_PROTOTYPES = YES;
				CLANG_WARN_SUSPICIOUS_MOVE = YES;
				CLANG_WARN_UNGUARDED_AVAILABILITY = YES_AGGRESSIVE;
				CLANG_WARN_UNREACHABLE_CODE = YES;
				CLANG_WARN__DUPLICATE_METHOD_MATCH = YES;
				COPY_PHASE_STRIP = NO;
				DEBUG_INFORMATION_FORMAT = dwarf;
				ENABLE_STRICT_OBJC_MSGSEND = YES;
				ENABLE_TESTABILITY = YES;
				GCC_C_LANGUAGE_STANDARD = gnu11;
				GCC_DYNAMIC_NO_PIC = NO;
				GCC_NO_COMMON_BLOCKS = YES;
				GCC_OPTIMIZATION_LEVEL = 0;
				GCC_PREPROCESSOR_DEFINITIONS = (
					"DEBUG=1",
					"$(inherited)",
				);
				GCC_WARN_64_TO_32_BIT_CONVERSION = YES;
				GCC_WARN_ABOUT_RETURN_TYPE = YES_ERROR;
				GCC_WARN_UNDECLARED_SELECTOR = YES;
				GCC_WARN_UNINITIALIZED_AUTOS = YES_AGGRESSIVE;
				GCC_WARN_UNUSED_FUNCTION = YES;
				GCC_WARN_UNUSED_VARIABLE = YES;
				IPHONEOS_DEPLOYMENT_TARGET = 15.2;
				MTL_ENABLE_DEBUG_INFO = INCLUDE_SOURCE;
				MTL_FAST_MATH = YES;
				ONLY_ACTIVE_ARCH = YES;
				SDKROOT = iphoneos;
				SWIFT_ACTIVE_COMPILATION_CONDITIONS = DEBUG;
				SWIFT_OPTIMIZATION_LEVEL = "-Onone";
			};
			name = Debug;
		};
		EDF38D1191E0F3BF4727A2FD /* Release */ = {
			isa = XCBuildConfiguration;
			buildSettings = {
				BUNDLE_LOADER = "$(BUILT_PRODUCTS_DIR)/HelloWorld.app/HelloWorld";
				CURRENT_PROJECT_VERSION = 1;
				GENERATE_INFOPLIST_FILE = YES;
				MARKETING_VERSION = 1.0;
				PRODUCT_BUNDLE_IDENTIFIER = com.radzik.HelloWorldTests;
				PRODUCT_NAME = "$(TARGET_NAME)";
				SWIFT_EMIT_LOC_STRINGS = NO;
				SWIFT_VERSION = 5.0;
				TARGETED_DEVICE_FAMILY = "1,2";
				TEST_HOST = "$(BUNDLE_LOADER)";
			};
			name = Release;
		};
		EDF38E26D23A7B3EE23E10AA /* Debug */ = {
			isa = XCBuildConfiguration;
			buildSettings = {
				BUNDLE_LOADER = "$(BUILT_PRODUCTS_DIR)/HelloWorld.app/HelloWorld";
				CURRENT_PROJECT_VERSION = 1;
				GENERATE_INFOPLIST_FILE = YES;
				MARKETING_VERSION = 1.0;
				PRODUCT_BUNDLE_IDENTIFIER = com.radzik.HelloWorldTests;
				PRODUCT_NAME = "$(TARGET_NAME)";
				SWIFT_EMIT_LOC_STRINGS = NO;
				SWIFT_VERSION = 5.0;
				TARGETED_DEVICE_FAMILY = "1,2";
				TEST_HOST = "$(BUNDLE_LOADER)";
			};
			name = Debug;
		};
		EDF38E8E8382A340AD4ABCCB /* Debug */ = {
			isa = XCBuildConfiguration;
			buildSettings = {
				ASSETCATALOG_COMPILER_APPICON_NAME = AppIcon;
				ASSETCATALOG_COMPILER_GLOBAL_ACCENT_COLOR_NAME = AccentColor;
				CURRENT_PROJECT_VERSION = 1;
				DEVELOPMENT_ASSET_PATHS = "\"HelloWorld/Preview Content\"";
				ENABLE_PREVIEWS = YES;
				GENERATE_INFOPLIST_FILE = YES;
				INFOPLIST_KEY_UIApplicationSceneManifest_Generation = YES;
				INFOPLIST_KEY_UIApplicationSupportsIndirectInputEvents = YES;
				INFOPLIST_KEY_UILaunchScreen_Generation = YES;
				INFOPLIST_KEY_UISupportedInterfaceOrientations_iPad = "UIInterfaceOrientationPortrait UIInterfaceOrientationPortraitUpsideDown UIInterfaceOrientationLandscapeLeft UIInterfaceOrientationLandscapeRight";
				INFOPLIST_KEY_UISupportedInterfaceOrientations_iPhone = "UIInterfaceOrientationPortrait UIInterfaceOrientationLandscapeLeft UIInterfaceOrientationLandscapeRight";
				LD_RUNPATH_SEARCH_PATHS = "$(inherited) @executable_path/Frameworks";
				MARKETING_VERSION = 1.0;
				PRODUCT_BUNDLE_IDENTIFIER = com.radzik.HelloWorld;
				PRODUCT_NAME = "$(TARGET_NAME)";
				SWIFT_EMIT_LOC_STRINGS = YES;
				SWIFT_VERSION = 5.0;
				TARGETED_DEVICE_FAMILY = "1,2";
			};
			name = Debug;
		};
/* End XCBuildConfiguration section */

/* Begin XCConfigurationList section */
		EDF380FB1F859ED72D48B9BB /* Build configuration list for PBXNativeTarget "HelloWorldTests" */ = {
			isa = XCConfigurationList;
			buildConfigurations = (
				EDF38E26D23A7B3EE23E10AA /* Debug */,
				EDF38D1191E0F3BF4727A2FD /* Release */,
			);
			defaultConfigurationIsVisible = 0;
			defaultConfigurationName = Release;
		};
		EDF388A836A8E7121B99F4A7 /* Build configuration list for PBXNativeTarget "HelloWorld" */ = {
			isa = XCConfigurationList;
			buildConfigurations = (
				EDF38E8E8382A340AD4ABCCB /* Debug */,
				EDF382F0A77184A060BC1730 /* Release */,
			);
			defaultConfigurationIsVisible = 0;
			defaultConfigurationName = Release;
		};
		EDF388DA120CC5CAFF71A606 /* Build configuration list for PBXProject "HelloWorld" */ = {
			isa = XCConfigurationList;
			buildConfigurations = (
				EDF38C401C4FA30A13B826F6 /* Debug */,
				EDF3862FE7F2A52F34842327 /* Release */,
			);
			defaultConfigurationIsVisible = 0;
			defaultConfigurationName = Release;
		};
		EDF388E80922D64680F853F7 /* Build configuration list for PBXNativeTarget "HelloWorldUITests" */ = {
			isa = XCConfigurationList;
			buildConfigurations = (
				EDF385C6F063B22D35E70AED /* Debug */,
				EDF38ADA05B8E884FAB26FC7 /* Release */,
			);
			defaultConfigurationIsVisible = 0;
			defaultConfigurationName = Release;
		};
/* End XCConfigurationList section */
	};
	rootObject = EDF382BA1CBADD7166343F81 /* Project object */;
}
